<?xml version="1.0" encoding="utf-8"?>
<Project ToolsVersion="4.0" xmlns="http://schemas.microsoft.com/developer/msbuild/2003">
  <ItemGroup>
    <Filter Include="res">
      <UniqueIdentifier>{f8d76975-6508-493a-b81d-5592aa7ecd99}</UniqueIdentifier>
    </Filter>
  </ItemGroup>
  <ItemGroup>
    <None Include="README.md" />
    <None Include=".gitignore" />
    <None Include="client.py" />
    <None Include="LICENSE" />
  </ItemGroup>
  <ItemGroup>
    <Image Include="res\cablogo.png">
      <Filter>res</Filter>
    </Image>
  </ItemGroup>
  <ItemGroup>
    <Text Include="res\jobs.txt">
      <Filter>res</Filter>
    </Text>
    <Text Include="res\label.txt">
      <Filter>res</Filter>
    </Text>
    <Text Include="res\replace.txt">
      <Filter>res</Filter>
    </Text>
    <Text Include="res\usage.txt">
      <Filter>res</Filter>
    </Text>
    <Text Include="CMakeLists.txt" />
  </ItemGroup>
  <ItemGroup>
    <ClCompile Include="cab_client.cpp" />
    <ClCompile Include="main.cpp" />
    <ClCompile Include="opcua_client.cpp" />
    <ClCompile Include="tree_node.cpp" />
  </ItemGroup>
  <ItemGroup>
    <ClInclude Include="cab_client.h" />
    <ClInclude Include="data_types.h" />
    <ClInclude Include="opcua_client.h" />
    <ClInclude Include="tools.h" />
    <ClInclude Include="tree_node.h" />
  </ItemGroup>
</Project>